{
  "name": "apigratis",
  "version": "0.0.6",
  "lockfileVersion": 1,
  "requires": true,
  "dependencies": {
    "apigratis": {
      "version": "0.0.5",
      "resolved": "https://registry.npmjs.org/apigratis/-/apigratis-0.0.5.tgz",
      "integrity": "sha512-cWB6oMIOpLY0/Fh5eceJQciSCq4oOm7PgKfzyCVjBa0P9JuiVqZAYrIa8x/lMiSMd7JwEmyVzg1o2JC5Z81YEQ=="
    }
  }
}
